
Microsoft Visual Studio Solution File, Format Version 12.00
# Visual Studio Version 17
VisualStudioVersion = 17.7.34024.191
MinimumVisualStudioVersion = 10.0.40219.1
Project("{FAE04EC0-301F-11D3-BF4B-00C04F79EFBC}") = "WebApplication1", "WebApplication1.csproj", "{40A0ED1C-F4F2-409D-BDA5-FAE2A2FFD4AD}"
EndProject
Project("{FAE04EC0-301F-11D3-BF4B-00C04F79EFBC}") = "Consumer", "..\Consumer\Consumer.csproj", "{3191BF9A-4150-4CD9-B24D-A344037B64D8}"
EndProject
Global
	GlobalSection(SolutionConfigurationPlatforms) = preSolution
		Debug|Any CPU = Debug|Any CPU
		Release|Any CPU = Release|Any CPU
	EndGlobalSection
	GlobalSection(ProjectConfigurationPlatforms) = postSolution
		{40A0ED1C-F4F2-409D-BDA5-FAE2A2FFD4AD}.Debug|Any CPU.ActiveCfg = Debug|Any CPU
		{40A0ED1C-F4F2-409D-BDA5-FAE2A2FFD4AD}.Debug|Any CPU.Build.0 = Debug|Any CPU
		{40A0ED1C-F4F2-409D-BDA5-FAE2A2FFD4AD}.Release|Any CPU.ActiveCfg = Release|Any CPU
		{40A0ED1C-F4F2-409D-BDA5-FAE2A2FFD4AD}.Release|Any CPU.Build.0 = Release|Any CPU
		{3191BF9A-4150-4CD9-B24D-A344037B64D8}.Debug|Any CPU.ActiveCfg = Debug|Any CPU
		{3191BF9A-4150-4CD9-B24D-A344037B64D8}.Debug|Any CPU.Build.0 = Debug|Any CPU
		{3191BF9A-4150-4CD9-B24D-A344037B64D8}.Release|Any CPU.ActiveCfg = Release|Any CPU
		{3191BF9A-4150-4CD9-B24D-A344037B64D8}.Release|Any CPU.Build.0 = Release|Any CPU
	EndGlobalSection
	GlobalSection(SolutionProperties) = preSolution
		HideSolutionNode = FALSE
	EndGlobalSection
	GlobalSection(ExtensibilityGlobals) = postSolution
		SolutionGuid = {49A13C75-5444-492D-9CB2-FA8158461920}
	EndGlobalSection
EndGlobal
