
Microsoft Visual Studio Solution File, Format Version 12.00
# Visual Studio Version 17
VisualStudioVersion = 17.7.34024.191
MinimumVisualStudioVersion = 10.0.40219.1
Project("{FAE04EC0-301F-11D3-BF4B-00C04F79EFBC}") = "DemoITextModification", "DemoITextModification.csproj", "{C85BC3F8-B469-467F-B706-B8A817D25BA1}"
EndProject
Global
	GlobalSection(SolutionConfigurationPlatforms) = preSolution
		Debug|Any CPU = Debug|Any CPU
		Release|Any CPU = Release|Any CPU
	EndGlobalSection
	GlobalSection(ProjectConfigurationPlatforms) = postSolution
		{C85BC3F8-B469-467F-B706-B8A817D25BA1}.Debug|Any CPU.ActiveCfg = Debug|Any CPU
		{C85BC3F8-B469-467F-B706-B8A817D25BA1}.Debug|Any CPU.Build.0 = Debug|Any CPU
		{C85BC3F8-B469-467F-B706-B8A817D25BA1}.Release|Any CPU.ActiveCfg = Release|Any CPU
		{C85BC3F8-B469-467F-B706-B8A817D25BA1}.Release|Any CPU.Build.0 = Release|Any CPU
	EndGlobalSection
	GlobalSection(SolutionProperties) = preSolution
		HideSolutionNode = FALSE
	EndGlobalSection
	GlobalSection(ExtensibilityGlobals) = postSolution
		SolutionGuid = {8DAA9DA1-01E7-48A3-83ED-5D8F2C126CA1}
	EndGlobalSection
EndGlobal
