
Microsoft Visual Studio Solution File, Format Version 12.00
# Visual Studio Version 17
VisualStudioVersion = 17.7.34024.191
MinimumVisualStudioVersion = 10.0.40219.1
Project("{FAE04EC0-301F-11D3-BF4B-00C04F79EFBC}") = "XMLProblems", "XMLProblems.csproj", "{C2BCBD46-6376-4C08-907A-1C1F1C06D3FF}"
EndProject
Global
	GlobalSection(SolutionConfigurationPlatforms) = preSolution
		Debug|Any CPU = Debug|Any CPU
		Release|Any CPU = Release|Any CPU
	EndGlobalSection
	GlobalSection(ProjectConfigurationPlatforms) = postSolution
		{C2BCBD46-6376-4C08-907A-1C1F1C06D3FF}.Debug|Any CPU.ActiveCfg = Debug|Any CPU
		{C2BCBD46-6376-4C08-907A-1C1F1C06D3FF}.Debug|Any CPU.Build.0 = Debug|Any CPU
		{C2BCBD46-6376-4C08-907A-1C1F1C06D3FF}.Release|Any CPU.ActiveCfg = Release|Any CPU
		{C2BCBD46-6376-4C08-907A-1C1F1C06D3FF}.Release|Any CPU.Build.0 = Release|Any CPU
	EndGlobalSection
	GlobalSection(SolutionProperties) = preSolution
		HideSolutionNode = FALSE
	EndGlobalSection
	GlobalSection(ExtensibilityGlobals) = postSolution
		SolutionGuid = {C7DFB4DB-F846-4BA2-88B5-8EE3747580B9}
	EndGlobalSection
EndGlobal
