
Microsoft Visual Studio Solution File, Format Version 12.00
# Visual Studio Version 17
VisualStudioVersion = 17.7.34024.191
MinimumVisualStudioVersion = 10.0.40219.1
Project("{FAE04EC0-301F-11D3-BF4B-00C04F79EFBC}") = "FinMgmtApp", "FinMgmtApp.csproj", "{D690590D-6A84-4F16-8A0A-A61274D2EE3E}"
EndProject
Global
	GlobalSection(SolutionConfigurationPlatforms) = preSolution
		Debug|Any CPU = Debug|Any CPU
		Release|Any CPU = Release|Any CPU
	EndGlobalSection
	GlobalSection(ProjectConfigurationPlatforms) = postSolution
		{D690590D-6A84-4F16-8A0A-A61274D2EE3E}.Debug|Any CPU.ActiveCfg = Debug|Any CPU
		{D690590D-6A84-4F16-8A0A-A61274D2EE3E}.Debug|Any CPU.Build.0 = Debug|Any CPU
		{D690590D-6A84-4F16-8A0A-A61274D2EE3E}.Release|Any CPU.ActiveCfg = Release|Any CPU
		{D690590D-6A84-4F16-8A0A-A61274D2EE3E}.Release|Any CPU.Build.0 = Release|Any CPU
	EndGlobalSection
	GlobalSection(SolutionProperties) = preSolution
		HideSolutionNode = FALSE
	EndGlobalSection
	GlobalSection(ExtensibilityGlobals) = postSolution
		SolutionGuid = {A470145F-AEAA-42EE-BD4F-36BFDCB992B6}
	EndGlobalSection
EndGlobal
