
Microsoft Visual Studio Solution File, Format Version 12.00
# Visual Studio Version 17
VisualStudioVersion = 17.7.34024.191
MinimumVisualStudioVersion = 10.0.40219.1
Project("{FAE04EC0-301F-11D3-BF4B-00C04F79EFBC}") = "WeatherSOAP", "WeatherSOAP.csproj", "{BC72A73D-F566-4948-8581-786A86EAA7DC}"
EndProject
Global
	GlobalSection(SolutionConfigurationPlatforms) = preSolution
		Debug|Any CPU = Debug|Any CPU
		Release|Any CPU = Release|Any CPU
	EndGlobalSection
	GlobalSection(ProjectConfigurationPlatforms) = postSolution
		{BC72A73D-F566-4948-8581-786A86EAA7DC}.Debug|Any CPU.ActiveCfg = Debug|Any CPU
		{BC72A73D-F566-4948-8581-786A86EAA7DC}.Debug|Any CPU.Build.0 = Debug|Any CPU
		{BC72A73D-F566-4948-8581-786A86EAA7DC}.Release|Any CPU.ActiveCfg = Release|Any CPU
		{BC72A73D-F566-4948-8581-786A86EAA7DC}.Release|Any CPU.Build.0 = Release|Any CPU
	EndGlobalSection
	GlobalSection(SolutionProperties) = preSolution
		HideSolutionNode = FALSE
	EndGlobalSection
	GlobalSection(ExtensibilityGlobals) = postSolution
		SolutionGuid = {4DB09748-42F1-4537-8412-A6413DAF8C7C}
	EndGlobalSection
EndGlobal
