
Microsoft Visual Studio Solution File, Format Version 12.00
# Visual Studio Version 17
VisualStudioVersion = 17.7.34024.191
MinimumVisualStudioVersion = 10.0.40219.1
Project("{FAE04EC0-301F-11D3-BF4B-00C04F79EFBC}") = "Milestone1Assignment", "Milestone1Assignment.csproj", "{3443495D-BBFE-4AD3-891C-C0216E98898E}"
EndProject
Global
	GlobalSection(SolutionConfigurationPlatforms) = preSolution
		Debug|Any CPU = Debug|Any CPU
		Release|Any CPU = Release|Any CPU
	EndGlobalSection
	GlobalSection(ProjectConfigurationPlatforms) = postSolution
		{3443495D-BBFE-4AD3-891C-C0216E98898E}.Debug|Any CPU.ActiveCfg = Debug|Any CPU
		{3443495D-BBFE-4AD3-891C-C0216E98898E}.Debug|Any CPU.Build.0 = Debug|Any CPU
		{3443495D-BBFE-4AD3-891C-C0216E98898E}.Release|Any CPU.ActiveCfg = Release|Any CPU
		{3443495D-BBFE-4AD3-891C-C0216E98898E}.Release|Any CPU.Build.0 = Release|Any CPU
	EndGlobalSection
	GlobalSection(SolutionProperties) = preSolution
		HideSolutionNode = FALSE
	EndGlobalSection
	GlobalSection(ExtensibilityGlobals) = postSolution
		SolutionGuid = {AB833F7F-C4A3-457E-AD0E-BC3BE95E7680}
	EndGlobalSection
EndGlobal
