
Microsoft Visual Studio Solution File, Format Version 12.00
# Visual Studio Version 17
VisualStudioVersion = 17.7.34024.191
MinimumVisualStudioVersion = 10.0.40219.1
Project("{FAE04EC0-301F-11D3-BF4B-00C04F79EFBC}") = "Day12", "Day12.csproj", "{F2003ACF-BE46-424F-81FC-252EF9F0CB1C}"
EndProject
Global
	GlobalSection(SolutionConfigurationPlatforms) = preSolution
		Debug|Any CPU = Debug|Any CPU
		Release|Any CPU = Release|Any CPU
	EndGlobalSection
	GlobalSection(ProjectConfigurationPlatforms) = postSolution
		{F2003ACF-BE46-424F-81FC-252EF9F0CB1C}.Debug|Any CPU.ActiveCfg = Debug|Any CPU
		{F2003ACF-BE46-424F-81FC-252EF9F0CB1C}.Debug|Any CPU.Build.0 = Debug|Any CPU
		{F2003ACF-BE46-424F-81FC-252EF9F0CB1C}.Release|Any CPU.ActiveCfg = Release|Any CPU
		{F2003ACF-BE46-424F-81FC-252EF9F0CB1C}.Release|Any CPU.Build.0 = Release|Any CPU
	EndGlobalSection
	GlobalSection(SolutionProperties) = preSolution
		HideSolutionNode = FALSE
	EndGlobalSection
	GlobalSection(ExtensibilityGlobals) = postSolution
		SolutionGuid = {5B8EA6A7-0B7C-4C4B-BCC1-F652016A0898}
	EndGlobalSection
EndGlobal
